// !$*UTF8*$!
{
	archiveVersion = 1;
	classes = {
	};
	objectVersion = 56;
	objects = {

/* Begin PBXBuildFile section */
		6B107BD929E0AEB800D176F6 /* HomeViewController.swift in Sources */ = {isa = PBXBuildFile; fileRef = 6B107BD829E0AEB800D176F6 /* HomeViewController.swift */; };
		6B949C7029E22CD900A76015 /* Header.swift in Sources */ = {isa = PBXBuildFile; fileRef = 6B949C6F29E22CD900A76015 /* Header.swift */; };
		6BD9D93629DD08B3005DFC72 /* AppDelegate.swift in Sources */ = {isa = PBXBuildFile; fileRef = 6BD9D93529DD08B3005DFC72 /* AppDelegate.swift */; };
		6BD9D93829DD08B3005DFC72 /* SceneDelegate.swift in Sources */ = {isa = PBXBuildFile; fileRef = 6BD9D93729DD08B3005DFC72 /* SceneDelegate.swift */; };
		6BD9D93A29DD08B3005DFC72 /* ViewController.swift in Sources */ = {isa = PBXBuildFile; fileRef = 6BD9D93929DD08B3005DFC72 /* ViewController.swift */; };
		6BD9D93D29DD08B3005DFC72 /* Main.storyboard in Resources */ = {isa = PBXBuildFile; fileRef = 6BD9D93B29DD08B3005DFC72 /* Main.storyboard */; };
		6BD9D93F29DD08B5005DFC72 /* Assets.xcassets in Resources */ = {isa = PBXBuildFile; fileRef = 6BD9D93E29DD08B5005DFC72 /* Assets.xcassets */; };
		6BD9D94229DD08B5005DFC72 /* LaunchScreen.storyboard in Resources */ = {isa = PBXBuildFile; fileRef = 6BD9D94029DD08B5005DFC72 /* LaunchScreen.storyboard */; };
		6BD9D94B29DD0F5D005DFC72 /* Home.swift in Sources */ = {isa = PBXBuildFile; fileRef = 6BD9D94A29DD0F5D005DFC72 /* Home.swift */; };
/* End PBXBuildFile section */

/* Begin PBXFileReference section */
		6B107BD829E0AEB800D176F6 /* HomeViewController.swift */ = {isa = PBXFileReference; lastKnownFileType = sourcecode.swift; path = HomeViewController.swift; sourceTree = "<group>"; };
		6B949C6F29E22CD900A76015 /* Header.swift */ = {isa = PBXFileReference; lastKnownFileType = sourcecode.swift; path = Header.swift; sourceTree = "<group>"; };
		6BD9D93229DD08B3005DFC72 /* Pomodoro-App.app */ = {isa = PBXFileReference; explicitFileType = wrapper.application; includeInIndex = 0; path = "Pomodoro-App.app"; sourceTree = BUILT_PRODUCTS_DIR; };
		6BD9D93529DD08B3005DFC72 /* AppDelegate.swift */ = {isa = PBXFileReference; lastKnownFileType = sourcecode.swift; path = AppDelegate.swift; sourceTree = "<group>"; };
		6BD9D93729DD08B3005DFC72 /* SceneDelegate.swift */ = {isa = PBXFileReference; lastKnownFileType = sourcecode.swift; path = SceneDelegate.swift; sourceTree = "<group>"; };
		6BD9D93929DD08B3005DFC72 /* ViewController.swift */ = {isa = PBXFileReference; lastKnownFileType = sourcecode.swift; path = ViewController.swift; sourceTree = "<group>"; };
		6BD9D93C29DD08B3005DFC72 /* Base */ = {isa = PBXFileReference; lastKnownFileType = file.storyboard; name = Base; path = Base.lproj/Main.storyboard; sourceTree = "<group>"; };
		6BD9D93E29DD08B5005DFC72 /* Assets.xcassets */ = {isa = PBXFileReference; lastKnownFileType = folder.assetcatalog; path = Assets.xcassets; sourceTree = "<group>"; };
		6BD9D94129DD08B5005DFC72 /* Base */ = {isa = PBXFileReference; lastKnownFileType = file.storyboard; name = Base; path = Base.lproj/LaunchScreen.storyboard; sourceTree = "<group>"; };
		6BD9D94329DD08B5005DFC72 /* Info.plist */ = {isa = PBXFileReference; lastKnownFileType = text.plist.xml; path = Info.plist; sourceTree = "<group>"; };
		6BD9D94A29DD0F5D005DFC72 /* Home.swift */ = {isa = PBXFileReference; lastKnownFileType = sourcecode.swift; path = Home.swift; sourceTree = "<group>"; };
/* End PBXFileReference section */

/* Begin PBXFrameworksBuildPhase section */
		6BD9D92F29DD08B3005DFC72 /* Frameworks */ = {
			isa = PBXFrameworksBuildPhase;
			buildActionMask = 2147483647;
			files = (
			);
			runOnlyForDeploymentPostprocessing = 0;
		};
/* End PBXFrameworksBuildPhase section */

/* Begin PBXGroup section */
		6B107BD729E0AE8A00D176F6 /* Controller */ = {
			isa = PBXGroup;
			children = (
				6B107BD829E0AEB800D176F6 /* HomeViewController.swift */,
			);
			path = Controller;
			sourceTree = "<group>";
		};
		6BD9D92929DD08B3005DFC72 = {
			isa = PBXGroup;
			children = (
				6BD9D93429DD08B3005DFC72 /* Pomodoro-App */,
				6BD9D93329DD08B3005DFC72 /* Products */,
			);
			sourceTree = "<group>";
		};
		6BD9D93329DD08B3005DFC72 /* Products */ = {
			isa = PBXGroup;
			children = (
				6BD9D93229DD08B3005DFC72 /* Pomodoro-App.app */,
			);
			name = Products;
			sourceTree = "<group>";
		};
		6BD9D93429DD08B3005DFC72 /* Pomodoro-App */ = {
			isa = PBXGroup;
			children = (
				6B107BD729E0AE8A00D176F6 /* Controller */,
				6BD9D94929DD0F41005DFC72 /* View */,
				6BD9D93529DD08B3005DFC72 /* AppDelegate.swift */,
				6BD9D93729DD08B3005DFC72 /* SceneDelegate.swift */,
				6BD9D93929DD08B3005DFC72 /* ViewController.swift */,
				6BD9D93B29DD08B3005DFC72 /* Main.storyboard */,
				6BD9D93E29DD08B5005DFC72 /* Assets.xcassets */,
				6BD9D94029DD08B5005DFC72 /* LaunchScreen.storyboard */,
				6BD9D94329DD08B5005DFC72 /* Info.plist */,
			);
			path = "Pomodoro-App";
			sourceTree = "<group>";
		};
		6BD9D94929DD0F41005DFC72 /* View */ = {
			isa = PBXGroup;
			children = (
				6BD9D94A29DD0F5D005DFC72 /* Home.swift */,
				6B949C6F29E22CD900A76015 /* Header.swift */,
			);
			path = View;
			sourceTree = "<group>";
		};
/* End PBXGroup section */

/* Begin PBXNativeTarget section */
		6BD9D93129DD08B3005DFC72 /* Pomodoro-App */ = {
			isa = PBXNativeTarget;
			buildConfigurationList = 6BD9D94629DD08B5005DFC72 /* Build configuration list for PBXNativeTarget "Pomodoro-App" */;
			buildPhases = (
				6BD9D92E29DD08B3005DFC72 /* Sources */,
				6BD9D92F29DD08B3005DFC72 /* Frameworks */,
				6BD9D93029DD08B3005DFC72 /* Resources */,
			);
			buildRules = (
			);
			dependencies = (
			);
			name = "Pomodoro-App";
			productName = "Pomodoro-App";
			productReference = 6BD9D93229DD08B3005DFC72 /* Pomodoro-App.app */;
			productType = "com.apple.product-type.application";
		};
/* End PBXNativeTarget section */

/* Begin PBXProject section */
		6BD9D92A29DD08B3005DFC72 /* Project object */ = {
			isa = PBXProject;
			attributes = {
				BuildIndependentTargetsInParallel = 1;
				LastSwiftUpdateCheck = 1420;
				LastUpgradeCheck = 1420;
				TargetAttributes = {
					6BD9D93129DD08B3005DFC72 = {
						CreatedOnToolsVersion = 14.2;
					};
				};
			};
			buildConfigurationList = 6BD9D92D29DD08B3005DFC72 /* Build configuration list for PBXProject "Pomodoro-App" */;
			compatibilityVersion = "Xcode 14.0";
			developmentRegion = en;
			hasScannedForEncodings = 0;
			knownRegions = (
				en,
				Base,
			);
			mainGroup = 6BD9D92929DD08B3005DFC72;
			productRefGroup = 6BD9D93329DD08B3005DFC72 /* Products */;
			projectDirPath = "";
			projectRoot = "";
			targets = (
				6BD9D93129DD08B3005DFC72 /* Pomodoro-App */,
			);
		};
/* End PBXProject section */

/* Begin PBXResourcesBuildPhase section */
		6BD9D93029DD08B3005DFC72 /* Resources */ = {
			isa = PBXResourcesBuildPhase;
			buildActionMask = 2147483647;
			files = (
				6BD9D94229DD08B5005DFC72 /* LaunchScreen.storyboard in Resources */,
				6BD9D93F29DD08B5005DFC72 /* Assets.xcassets in Resources */,
				6BD9D93D29DD08B3005DFC72 /* Main.storyboard in Resources */,
			);
			runOnlyForDeploymentPostprocessing = 0;
		};
/* End PBXResourcesBuildPhase section */

/* Begin PBXSourcesBuildPhase section */
		6BD9D92E29DD08B3005DFC72 /* Sources */ = {
			isa = PBXSourcesBuildPhase;
			buildActionMask = 2147483647;
			files = (
				6B107BD929E0AEB800D176F6 /* HomeViewController.swift in Sources */,
				6BD9D93A29DD08B3005DFC72 /* ViewController.swift in Sources */,
				6BD9D93629DD08B3005DFC72 /* AppDelegate.swift in Sources */,
				6BD9D94B29DD0F5D005DFC72 /* Home.swift in Sources */,
				6B949C7029E22CD900A76015 /* Header.swift in Sources */,
				6BD9D93829DD08B3005DFC72 /* SceneDelegate.swift in Sources */,
			);
			runOnlyForDeploymentPostprocessing = 0;
		};
/* End PBXSourcesBuildPhase section */

/* Begin PBXVariantGroup section */
		6BD9D93B29DD08B3005DFC72 /* Main.storyboard */ = {
			isa = PBXVariantGroup;
			children = (
				6BD9D93C29DD08B3005DFC72 /* Base */,
			);
			name = Main.storyboard;
			sourceTree = "<group>";
		};
		6BD9D94029DD08B5005DFC72 /* LaunchScreen.storyboard */ = {
			isa = PBXVariantGroup;
			children = (
				6BD9D94129DD08B5005DFC72 /* Base */,
			);
			name = LaunchScreen.storyboard;
			sourceTree = "<group>";
		};
/* End PBXVariantGroup section */

/* Begin XCBuildConfiguration section */
		6BD9D94429DD08B5005DFC72 /* Debug */ = {
			isa = XCBuildConfiguration;
			buildSettings = {
				ALWAYS_SEARCH_USER_PATHS = NO;
				CLANG_ANALYZER_NONNULL = YES;
				CLANG_ANALYZER_NUMBER_OBJECT_CONVERSION = YES_AGGRESSIVE;
				CLANG_CXX_LANGUAGE_STANDARD = "gnu++20";
				CLANG_ENABLE_MODULES = YES;
				CLANG_ENABLE_OBJC_ARC = YES;
				CLANG_ENABLE_OBJC_WEAK = YES;
				CLANG_WARN_BLOCK_CAPTURE_AUTORELEASING = YES;
				CLANG_WARN_BOOL_CONVERSION = YES;
				CLANG_WARN_COMMA = YES;
				CLANG_WARN_CONSTANT_CONVERSION = YES;
				CLANG_WARN_DEPRECATED_OBJC_IMPLEMENTATIONS = YES;
				CLANG_WARN_DIRECT_OBJC_ISA_USAGE = YES_ERROR;
				CLANG_WARN_DOCUMENTATION_COMMENTS = YES;
				CLANG_WARN_EMPTY_BODY = YES;
				CLANG_WARN_ENUM_CONVERSION = YES;
				CLANG_WARN_INFINITE_RECURSION = YES;
				CLANG_WARN_INT_CONVERSION = YES;
				CLANG_WARN_NON_LITERAL_NULL_CONVERSION = YES;
				CLANG_WARN_OBJC_IMPLICIT_RETAIN_SELF = YES;
				CLANG_WARN_OBJC_LITERAL_CONVERSION = YES;
				CLANG_WARN_OBJC_ROOT_CLASS = YES_ERROR;
				CLANG_WARN_QUOTED_INCLUDE_IN_FRAMEWORK_HEADER = YES;
				CLANG_WARN_RANGE_LOOP_ANALYSIS = YES;
				CLANG_WARN_STRICT_PROTOTYPES = YES;
				CLANG_WARN_SUSPICIOUS_MOVE = YES;
				CLANG_WARN_UNGUARDED_AVAILABILITY = YES_AGGRESSIVE;
				CLANG_WARN_UNREACHABLE_CODE = YES;
				CLANG_WARN__DUPLICATE_METHOD_MATCH = YES;
				COPY_PHASE_STRIP = NO;
				DEBUG_INFORMATION_FORMAT = dwarf;
				ENABLE_STRICT_OBJC_MSGSEND = YES;
				ENABLE_TESTABILITY = YES;
				GCC_C_LANGUAGE_STANDARD = gnu11;
				GCC_DYNAMIC_NO_PIC = NO;
				GCC_NO_COMMON_BLOCKS = YES;
				GCC_OPTIMIZATION_LEVEL = 0;
				GCC_PREPROCESSOR_DEFINITIONS = (
					"DEBUG=1",
					"$(inherited)",
				);
				GCC_WARN_64_TO_32_BIT_CONVERSION = YES;
				GCC_WARN_ABOUT_RETURN_TYPE = YES_ERROR;
				GCC_WARN_UNDECLARED_SELECTOR = YES;
				GCC_WARN_UNINITIALIZED_AUTOS = YES_AGGRESSIVE;
				GCC_WARN_UNUSED_FUNCTION = YES;
				GCC_WARN_UNUSED_VARIABLE = YES;
				IPHONEOS_DEPLOYMENT_TARGET = 16.2;
				MTL_ENABLE_DEBUG_INFO = INCLUDE_SOURCE;
				MTL_FAST_MATH = YES;
				ONLY_ACTIVE_ARCH = YES;
				SDKROOT = iphoneos;
				SWIFT_ACTIVE_COMPILATION_CONDITIONS = DEBUG;
				SWIFT_OPTIMIZATION_LEVEL = "-Onone";
			};
			name = Debug;
		};
		6BD9D94529DD08B5005DFC72 /* Release */ = {
			isa = XCBuildConfiguration;
			buildSettings = {
				ALWAYS_SEARCH_USER_PATHS = NO;
				CLANG_ANALYZER_NONNULL = YES;
				CLANG_ANALYZER_NUMBER_OBJECT_CONVERSION = YES_AGGRESSIVE;
				CLANG_CXX_LANGUAGE_STANDARD = "gnu++20";
				CLANG_ENABLE_MODULES = YES;
				CLANG_ENABLE_OBJC_ARC = YES;
				CLANG_ENABLE_OBJC_WEAK = YES;
				CLANG_WARN_BLOCK_CAPTURE_AUTORELEASING = YES;
				CLANG_WARN_BOOL_CONVERSION = YES;
				CLANG_WARN_COMMA = YES;
				CLANG_WARN_CONSTANT_CONVERSION = YES;
				CLANG_WARN_DEPRECATED_OBJC_IMPLEMENTATIONS = YES;
				CLANG_WARN_DIRECT_OBJC_ISA_USAGE = YES_ERROR;
				CLANG_WARN_DOCUMENTATION_COMMENTS = YES;
				CLANG_WARN_EMPTY_BODY = YES;
				CLANG_WARN_ENUM_CONVERSION = YES;
				CLANG_WARN_INFINITE_RECURSION = YES;
				CLANG_WARN_INT_CONVERSION = YES;
				CLANG_WARN_NON_LITERAL_NULL_CONVERSION = YES;
				CLANG_WARN_OBJC_IMPLICIT_RETAIN_SELF = YES;
				CLANG_WARN_OBJC_LITERAL_CONVERSION = YES;
				CLANG_WARN_OBJC_ROOT_CLASS = YES_ERROR;
				CLANG_WARN_QUOTED_INCLUDE_IN_FRAMEWORK_HEADER = YES;
				CLANG_WARN_RANGE_LOOP_ANALYSIS = YES;
				CLANG_WARN_STRICT_PROTOTYPES = YES;
				CLANG_WARN_SUSPICIOUS_MOVE = YES;
				CLANG_WARN_UNGUARDED_AVAILABILITY = YES_AGGRESSIVE;
				CLANG_WARN_UNREACHABLE_CODE = YES;
				CLANG_WARN__DUPLICATE_METHOD_MATCH = YES;
				COPY_PHASE_STRIP = NO;
				DEBUG_INFORMATION_FORMAT = "dwarf-with-dsym";
				ENABLE_NS_ASSERTIONS = NO;
				ENABLE_STRICT_OBJC_MSGSEND = YES;
				GCC_C_LANGUAGE_STANDARD = gnu11;
				GCC_NO_COMMON_BLOCKS = YES;
				GCC_WARN_64_TO_32_BIT_CONVERSION = YES;
				GCC_WARN_ABOUT_RETURN_TYPE = YES_ERROR;
				GCC_WARN_UNDECLARED_SELECTOR = YES;
				GCC_WARN_UNINITIALIZED_AUTOS = YES_AGGRESSIVE;
				GCC_WARN_UNUSED_FUNCTION = YES;
				GCC_WARN_UNUSED_VARIABLE = YES;
				IPHONEOS_DEPLOYMENT_TARGET = 16.2;
				MTL_ENABLE_DEBUG_INFO = NO;
				MTL_FAST_MATH = YES;
				SDKROOT = iphoneos;
				SWIFT_COMPILATION_MODE = wholemodule;
				SWIFT_OPTIMIZATION_LEVEL = "-O";
				VALIDATE_PRODUCT = YES;
			};
			name = Release;
		};
		6BD9D94729DD08B5005DFC72 /* Debug */ = {
			isa = XCBuildConfiguration;
			buildSettings = {
				ASSETCATALOG_COMPILER_APPICON_NAME = AppIcon;
				ASSETCATALOG_COMPILER_GLOBAL_ACCENT_COLOR_NAME = AccentColor;
				CODE_SIGN_STYLE = Automatic;
				CURRENT_PROJECT_VERSION = 1;
				GENERATE_INFOPLIST_FILE = YES;
				INFOPLIST_FILE = "Pomodoro-App/Info.plist";
				INFOPLIST_KEY_UIApplicationSupportsIndirectInputEvents = YES;
				INFOPLIST_KEY_UILaunchStoryboardName = LaunchScreen;
				INFOPLIST_KEY_UIMainStoryboardFile = Main;
				INFOPLIST_KEY_UISupportedInterfaceOrientations_iPad = "UIInterfaceOrientationPortrait UIInterfaceOrientationPortraitUpsideDown UIInterfaceOrientationLandscapeLeft UIInterfaceOrientationLandscapeRight";
				INFOPLIST_KEY_UISupportedInterfaceOrientations_iPhone = "UIInterfaceOrientationPortrait UIInterfaceOrientationLandscapeLeft UIInterfaceOrientationLandscapeRight";
				LD_RUNPATH_SEARCH_PATHS = (
					"$(inherited)",
					"@executable_path/Frameworks",
				);
				MARKETING_VERSION = 1.0;
				PRODUCT_BUNDLE_IDENTIFIER = "com.amandacamile.Pomodoro-App";
				PRODUCT_NAME = "$(TARGET_NAME)";
				SWIFT_EMIT_LOC_STRINGS = YES;
				SWIFT_VERSION = 5.0;
				TARGETED_DEVICE_FAMILY = "1,2";
			};
			name = Debug;
		};
		6BD9D94829DD08B5005DFC72 /* Release */ = {
			isa = XCBuildConfiguration;
			buildSettings = {
				ASSETCATALOG_COMPILER_APPICON_NAME = AppIcon;
				ASSETCATALOG_COMPILER_GLOBAL_ACCENT_COLOR_NAME = AccentColor;
				CODE_SIGN_STYLE = Automatic;
				CURRENT_PROJECT_VERSION = 1;
				GENERATE_INFOPLIST_FILE = YES;
				INFOPLIST_FILE = "Pomodoro-App/Info.plist";
				INFOPLIST_KEY_UIApplicationSupportsIndirectInputEvents = YES;
				INFOPLIST_KEY_UILaunchStoryboardName = LaunchScreen;
				INFOPLIST_KEY_UIMainStoryboardFile = Main;
				INFOPLIST_KEY_UISupportedInterfaceOrientations_iPad = "UIInterfaceOrientationPortrait UIInterfaceOrientationPortraitUpsideDown UIInterfaceOrientationLandscapeLeft UIInterfaceOrientationLandscapeRight";
				INFOPLIST_KEY_UISupportedInterfaceOrientations_iPhone = "UIInterfaceOrientationPortrait UIInterfaceOrientationLandscapeLeft UIInterfaceOrientationLandscapeRight";
				LD_RUNPATH_SEARCH_PATHS = (
					"$(inherited)",
					"@executable_path/Frameworks",
				);
				MARKETING_VERSION = 1.0;
				PRODUCT_BUNDLE_IDENTIFIER = "com.amandacamile.Pomodoro-App";
				PRODUCT_NAME = "$(TARGET_NAME)";
				SWIFT_EMIT_LOC_STRINGS = YES;
				SWIFT_VERSION = 5.0;
				TARGETED_DEVICE_FAMILY = "1,2";
			};
			name = Release;
		};
/* End XCBuildConfiguration section */

/* Begin XCConfigurationList section */
		6BD9D92D29DD08B3005DFC72 /* Build configuration list for PBXProject "Pomodoro-App" */ = {
			isa = XCConfigurationList;
			buildConfigurations = (
				6BD9D94429DD08B5005DFC72 /* Debug */,
				6BD9D94529DD08B5005DFC72 /* Release */,
			);
			defaultConfigurationIsVisible = 0;
			defaultConfigurationName = Release;
		};
		6BD9D94629DD08B5005DFC72 /* Build configuration list for PBXNativeTarget "Pomodoro-App" */ = {
			isa = XCConfigurationList;
			buildConfigurations = (
				6BD9D94729DD08B5005DFC72 /* Debug */,
				6BD9D94829DD08B5005DFC72 /* Release */,
			);
			defaultConfigurationIsVisible = 0;
			defaultConfigurationName = Release;
		};
/* End XCConfigurationList section */
	};
	rootObject = 6BD9D92A29DD08B3005DFC72 /* Project object */;
}
